<?xml version="1.0" encoding="utf-8"?>
<Project ToolsVersion="4.0" xmlns="http://schemas.microsoft.com/developer/msbuild/2003">
  <ItemGroup>
    <Filter Include="GlowEngine">
      <UniqueIdentifier>{341AEE5A-20D2-2FA8-89D9-080475B0CA98}</UniqueIdentifier>
    </Filter>
  </ItemGroup>
  <ItemGroup>
    <ClInclude Include="src\GlowEngine.h" />
    <ClInclude Include="src\GlowEngine\Application.h">
      <Filter>GlowEngine</Filter>
    </ClInclude>
    <ClInclude Include="src\GlowEngine\Core.h">
      <Filter>GlowEngine</Filter>
    </ClInclude>
    <ClInclude Include="src\GlowEngine\EntryPoint.h">
      <Filter>GlowEngine</Filter>
    </ClInclude>
    <ClInclude Include="src\GlowEngine\Log.h">
      <Filter>GlowEngine</Filter>
    </ClInclude>
  </ItemGroup>
  <ItemGroup>
    <ClCompile Include="src\GlowEngine\Application.cpp">
      <Filter>GlowEngine</Filter>
    </ClCompile>
    <ClCompile Include="src\GlowEngine\Log.cpp">
      <Filter>GlowEngine</Filter>
    </ClCompile>
  </ItemGroup>
</Project>